
Microsoft Visual Studio Solution File, Format Version 12.00
# Visual Studio 2012
Project("{FAE04EC0-301F-11D3-BF4B-00C04F79EFBC}") = "SwaggerUI", "SwaggerUI\SwaggerUI.csproj", "{0CD900A9-1FEA-43E5-8894-94CB1B399A0A}"
EndProject
Global
	GlobalSection(SolutionConfigurationPlatforms) = preSolution
		Debug|Any CPU = Debug|Any CPU
		Release|Any CPU = Release|Any CPU
	EndGlobalSection
	GlobalSection(ProjectConfigurationPlatforms) = postSolution
		{0CD900A9-1FEA-43E5-8894-94CB1B399A0A}.Debug|Any CPU.ActiveCfg = Debug|Any CPU
		{0CD900A9-1FEA-43E5-8894-94CB1B399A0A}.Debug|Any CPU.Build.0 = Debug|Any CPU
		{0CD900A9-1FEA-43E5-8894-94CB1B399A0A}.Release|Any CPU.ActiveCfg = Release|Any CPU
		{0CD900A9-1FEA-43E5-8894-94CB1B399A0A}.Release|Any CPU.Build.0 = Release|Any CPU
	EndGlobalSection
	GlobalSection(SolutionProperties) = preSolution
		HideSolutionNode = FALSE
	EndGlobalSection
EndGlobal
